
Microsoft Visual Studio Solution File, Format Version 12.00
Project("{FAE04EC0-301F-11D3-BF4B-00C04F79EFBC}") = "EscapistsTrainer", "EscapistsTrainer\EscapistsTrainer.csproj", "{DA6204B6-C5C9-410D-B3CC-A47F67CB9F79}"
EndProject
Global
	GlobalSection(SolutionConfigurationPlatforms) = preSolution
		Debug|Any CPU = Debug|Any CPU
		Release|Any CPU = Release|Any CPU
	EndGlobalSection
	GlobalSection(ProjectConfigurationPlatforms) = postSolution
		{DA6204B6-C5C9-410D-B3CC-A47F67CB9F79}.Debug|Any CPU.ActiveCfg = Debug|Any CPU
		{DA6204B6-C5C9-410D-B3CC-A47F67CB9F79}.Debug|Any CPU.Build.0 = Debug|Any CPU
		{DA6204B6-C5C9-410D-B3CC-A47F67CB9F79}.Release|Any CPU.ActiveCfg = Release|Any CPU
		{DA6204B6-C5C9-410D-B3CC-A47F67CB9F79}.Release|Any CPU.Build.0 = Release|Any CPU
	EndGlobalSection
EndGlobal
